
Microsoft Visual Studio Solution File, Format Version 12.00
# Visual Studio Version 17
VisualStudioVersion = 17.4.33103.184
MinimumVisualStudioVersion = 10.0.40219.1
Project("{9A19103F-16F7-4668-BE54-9A1E7A4F7556}") = "Bank_System", "Bank_System\Bank_System.csproj", "{2AD885B7-A8D6-464E-B03A-090721DA5338}"
EndProject
Project("{FAE04EC0-301F-11D3-BF4B-00C04F79EFBC}") = "AccountManagementSystem", "AccountManagementSystem\AccountManagementSystem.csproj", "{E0510D41-5CE5-4751-AB39-E226F904E3D2}"
EndProject
Project("{FAE04EC0-301F-11D3-BF4B-00C04F79EFBC}") = "AdminInterface", "AdminInterface\AdminInterface.csproj", "{045C203D-2AE8-473A-B936-6128AC5BF5DE}"
EndProject
Global
	GlobalSection(SolutionConfigurationPlatforms) = preSolution
		Debug|Any CPU = Debug|Any CPU
		Release|Any CPU = Release|Any CPU
	EndGlobalSection
	GlobalSection(ProjectConfigurationPlatforms) = postSolution
		{2AD885B7-A8D6-464E-B03A-090721DA5338}.Debug|Any CPU.ActiveCfg = Debug|Any CPU
		{2AD885B7-A8D6-464E-B03A-090721DA5338}.Debug|Any CPU.Build.0 = Debug|Any CPU
		{2AD885B7-A8D6-464E-B03A-090721DA5338}.Release|Any CPU.ActiveCfg = Release|Any CPU
		{2AD885B7-A8D6-464E-B03A-090721DA5338}.Release|Any CPU.Build.0 = Release|Any CPU
		{E0510D41-5CE5-4751-AB39-E226F904E3D2}.Debug|Any CPU.ActiveCfg = Debug|Any CPU
		{E0510D41-5CE5-4751-AB39-E226F904E3D2}.Debug|Any CPU.Build.0 = Debug|Any CPU
		{E0510D41-5CE5-4751-AB39-E226F904E3D2}.Release|Any CPU.ActiveCfg = Release|Any CPU
		{E0510D41-5CE5-4751-AB39-E226F904E3D2}.Release|Any CPU.Build.0 = Release|Any CPU
		{045C203D-2AE8-473A-B936-6128AC5BF5DE}.Debug|Any CPU.ActiveCfg = Debug|Any CPU
		{045C203D-2AE8-473A-B936-6128AC5BF5DE}.Debug|Any CPU.Build.0 = Debug|Any CPU
		{045C203D-2AE8-473A-B936-6128AC5BF5DE}.Release|Any CPU.ActiveCfg = Release|Any CPU
		{045C203D-2AE8-473A-B936-6128AC5BF5DE}.Release|Any CPU.Build.0 = Release|Any CPU
	EndGlobalSection
	GlobalSection(SolutionProperties) = preSolution
		HideSolutionNode = FALSE
	EndGlobalSection
	GlobalSection(ExtensibilityGlobals) = postSolution
		SolutionGuid = {FB143CFE-DF71-4AF6-9F78-80FFC0B16A32}
	EndGlobalSection
EndGlobal
